
Microsoft Visual Studio Solution File, Format Version 12.00
# Visual Studio 15
VisualStudioVersion = 15.0.27004.2009
MinimumVisualStudioVersion = 10.0.40219.1
Project("{FAE04EC0-301F-11D3-BF4B-00C04F79EFBC}") = "Demo App", "Demo App\Demo App.csproj", "{28E7B7B1-E42B-4B34-8329-24EA706D5BA4}"
EndProject
Global
	GlobalSection(SolutionConfigurationPlatforms) = preSolution
		Debug|Any CPU = Debug|Any CPU
		Release|Any CPU = Release|Any CPU
	EndGlobalSection
	GlobalSection(ProjectConfigurationPlatforms) = postSolution
		{28E7B7B1-E42B-4B34-8329-24EA706D5BA4}.Debug|Any CPU.ActiveCfg = Debug|Any CPU
		{28E7B7B1-E42B-4B34-8329-24EA706D5BA4}.Debug|Any CPU.Build.0 = Debug|Any CPU
		{28E7B7B1-E42B-4B34-8329-24EA706D5BA4}.Release|Any CPU.ActiveCfg = Release|Any CPU
		{28E7B7B1-E42B-4B34-8329-24EA706D5BA4}.Release|Any CPU.Build.0 = Release|Any CPU
	EndGlobalSection
	GlobalSection(SolutionProperties) = preSolution
		HideSolutionNode = FALSE
	EndGlobalSection
	GlobalSection(ExtensibilityGlobals) = postSolution
		SolutionGuid = {1DB5DA97-B1F8-495E-84EB-83048B92BB71}
	EndGlobalSection
EndGlobal
